
Microsoft Visual Studio Solution File, Format Version 12.00
# Visual Studio Version 17
VisualStudioVersion = 17.7.34024.191
MinimumVisualStudioVersion = 10.0.40219.1
Project("{FAE04EC0-301F-11D3-BF4B-00C04F79EFBC}") = "task_0123456", "task_01\task_0123456.csproj", "{D75E5938-3D15-40BE-BD5C-0FE19F938B31}"
EndProject
Project("{FAE04EC0-301F-11D3-BF4B-00C04F79EFBC}") = "task_0789", "task_07\task_0789.csproj", "{894CAB1F-DA56-4C3B-B709-A8121967EEF4}"
EndProject
Global
	GlobalSection(SolutionConfigurationPlatforms) = preSolution
		Debug|Any CPU = Debug|Any CPU
		Release|Any CPU = Release|Any CPU
	EndGlobalSection
	GlobalSection(ProjectConfigurationPlatforms) = postSolution
		{D75E5938-3D15-40BE-BD5C-0FE19F938B31}.Debug|Any CPU.ActiveCfg = Debug|Any CPU
		{D75E5938-3D15-40BE-BD5C-0FE19F938B31}.Debug|Any CPU.Build.0 = Debug|Any CPU
		{D75E5938-3D15-40BE-BD5C-0FE19F938B31}.Release|Any CPU.ActiveCfg = Release|Any CPU
		{D75E5938-3D15-40BE-BD5C-0FE19F938B31}.Release|Any CPU.Build.0 = Release|Any CPU
		{894CAB1F-DA56-4C3B-B709-A8121967EEF4}.Debug|Any CPU.ActiveCfg = Debug|Any CPU
		{894CAB1F-DA56-4C3B-B709-A8121967EEF4}.Debug|Any CPU.Build.0 = Debug|Any CPU
		{894CAB1F-DA56-4C3B-B709-A8121967EEF4}.Release|Any CPU.ActiveCfg = Release|Any CPU
		{894CAB1F-DA56-4C3B-B709-A8121967EEF4}.Release|Any CPU.Build.0 = Release|Any CPU
	EndGlobalSection
	GlobalSection(SolutionProperties) = preSolution
		HideSolutionNode = FALSE
	EndGlobalSection
	GlobalSection(ExtensibilityGlobals) = postSolution
		SolutionGuid = {E8746DFE-CBC9-4E19-9212-9D9622320708}
	EndGlobalSection
EndGlobal
