
Microsoft Visual Studio Solution File, Format Version 12.00
# Visual Studio Version 17
VisualStudioVersion = 17.7.34024.191
MinimumVisualStudioVersion = 10.0.40219.1
Project("{FAE04EC0-301F-11D3-BF4B-00C04F79EFBC}") = "task_01", "task_01\task_01.csproj", "{0646A56B-559B-40FE-8F37-27BD7D46CD9D}"
EndProject
Project("{FAE04EC0-301F-11D3-BF4B-00C04F79EFBC}") = "task_023", "task_02\task_023.csproj", "{6AB302C2-78CB-4E9B-9F2E-F59C3EF0D384}"
EndProject
Project("{FAE04EC0-301F-11D3-BF4B-00C04F79EFBC}") = "task_0456", "task_04\task_0456.csproj", "{268BD2B8-93A8-4A6B-A9CB-1B71A42779CC}"
EndProject
Project("{FAE04EC0-301F-11D3-BF4B-00C04F79EFBC}") = "task_07", "task_07\task_07.csproj", "{4494657A-271E-4135-9F53-D085F28420CC}"
EndProject
Project("{FAE04EC0-301F-11D3-BF4B-00C04F79EFBC}") = "task_089", "task_08\task_089.csproj", "{8368078C-5D5F-494E-97D0-352AD1C231C1}"
EndProject
Global
	GlobalSection(SolutionConfigurationPlatforms) = preSolution
		Debug|Any CPU = Debug|Any CPU
		Release|Any CPU = Release|Any CPU
	EndGlobalSection
	GlobalSection(ProjectConfigurationPlatforms) = postSolution
		{0646A56B-559B-40FE-8F37-27BD7D46CD9D}.Debug|Any CPU.ActiveCfg = Debug|Any CPU
		{0646A56B-559B-40FE-8F37-27BD7D46CD9D}.Debug|Any CPU.Build.0 = Debug|Any CPU
		{0646A56B-559B-40FE-8F37-27BD7D46CD9D}.Release|Any CPU.ActiveCfg = Release|Any CPU
		{0646A56B-559B-40FE-8F37-27BD7D46CD9D}.Release|Any CPU.Build.0 = Release|Any CPU
		{6AB302C2-78CB-4E9B-9F2E-F59C3EF0D384}.Debug|Any CPU.ActiveCfg = Debug|Any CPU
		{6AB302C2-78CB-4E9B-9F2E-F59C3EF0D384}.Debug|Any CPU.Build.0 = Debug|Any CPU
		{6AB302C2-78CB-4E9B-9F2E-F59C3EF0D384}.Release|Any CPU.ActiveCfg = Release|Any CPU
		{6AB302C2-78CB-4E9B-9F2E-F59C3EF0D384}.Release|Any CPU.Build.0 = Release|Any CPU
		{268BD2B8-93A8-4A6B-A9CB-1B71A42779CC}.Debug|Any CPU.ActiveCfg = Debug|Any CPU
		{268BD2B8-93A8-4A6B-A9CB-1B71A42779CC}.Debug|Any CPU.Build.0 = Debug|Any CPU
		{268BD2B8-93A8-4A6B-A9CB-1B71A42779CC}.Release|Any CPU.ActiveCfg = Release|Any CPU
		{268BD2B8-93A8-4A6B-A9CB-1B71A42779CC}.Release|Any CPU.Build.0 = Release|Any CPU
		{4494657A-271E-4135-9F53-D085F28420CC}.Debug|Any CPU.ActiveCfg = Debug|Any CPU
		{4494657A-271E-4135-9F53-D085F28420CC}.Debug|Any CPU.Build.0 = Debug|Any CPU
		{4494657A-271E-4135-9F53-D085F28420CC}.Release|Any CPU.ActiveCfg = Release|Any CPU
		{4494657A-271E-4135-9F53-D085F28420CC}.Release|Any CPU.Build.0 = Release|Any CPU
		{8368078C-5D5F-494E-97D0-352AD1C231C1}.Debug|Any CPU.ActiveCfg = Debug|Any CPU
		{8368078C-5D5F-494E-97D0-352AD1C231C1}.Debug|Any CPU.Build.0 = Debug|Any CPU
		{8368078C-5D5F-494E-97D0-352AD1C231C1}.Release|Any CPU.ActiveCfg = Release|Any CPU
		{8368078C-5D5F-494E-97D0-352AD1C231C1}.Release|Any CPU.Build.0 = Release|Any CPU
	EndGlobalSection
	GlobalSection(SolutionProperties) = preSolution
		HideSolutionNode = FALSE
	EndGlobalSection
	GlobalSection(ExtensibilityGlobals) = postSolution
		SolutionGuid = {F4B6CCB2-C8A6-4664-8DC1-EB620FA76286}
	EndGlobalSection
EndGlobal
